hash: 7ac14e74b6e24a308c8d51319a557face22c90a14e8d8b5b968835c714999136
updated: 2019-02-04T17:37:45.889952+11:00
imports:
- name: github.com/allegro/bigcache
  version: f31987a23e44c5121ef8c8b2f2ea2e8ffa37b068
  subpackages:
  - queue
- name: github.com/AndreasBriese/bbloom
  version: 343706a395b76e5ca5c7dca46a5d937b48febc74
- name: github.com/aristanetworks/goarista
  version: e2363f69bde9cb44d6b7f31b741a5a65a8f73b39
  subpackages:
  - monotime
- name: github.com/armon/go-metrics
  version: f0300d1749da6fa982027e449ec0c7a145510c3c
- name: github.com/btcsuite/btcd
  version: ed77733ec07dfc8a513741138419b8d9d3de9d2d
  subpackages:
  - btcec
- name: github.com/deckarep/golang-set
  version: 699df6a3acf6867538e50931511e9dc403da108a
- name: github.com/dgraph-io/badger
  version: 439fd464b155d419201a5c195c70d40618376776
  subpackages:
  - options
  - protos
  - skl
  - table
  - "y"
- name: github.com/dgryski/go-farm
  version: 3adb47b1fb0f6d9efcc5051a6c62e2e413ac85a9
- name: github.com/ethereum/go-ethereum
  version: 7fa3509e2eaf1a4ebc12344590e5699406690f15
  subpackages:
  - accounts
  - accounts/abi
  - accounts/keystore
  - accounts/usbwallet
  - accounts/usbwallet/internal/trezor
  - common
  - common/bitutil
  - common/hexutil
  - common/math
  - common/mclock
  - common/prque
  - consensus
  - consensus/misc
  - core
  - core/rawdb
  - core/state
  - core/types
  - core/vm
  - crypto
  - crypto/bn256
  - crypto/bn256/cloudflare
  - crypto/bn256/google
  - crypto/ecies
  - crypto/secp256k1
  - ethdb
  - event
  - internal/debug
  - log
  - metrics
  - metrics/exp
  - node
  - p2p
  - p2p/discover
  - p2p/discv5
  - p2p/enode
  - p2p/enr
  - p2p/nat
  - p2p/netutil
  - params
  - rlp
  - rpc
  - trie
- name: github.com/facebookgo/atomicfile
  version: 2de1f203e7d5e386a6833233882782932729f27e
- name: github.com/facebookgo/pidfile
  version: f242e2999868dcd267a2b86e49ce1f9cf9e15b16
- name: github.com/Fantom-foundation/go-lachesis
  version: 01692ae832e7c85c2f18ee92acbd9e8ec3d07e08
  subpackages:
  - src/common
  - src/common/hexutil
  - src/common/prque
  - src/crypto
  - src/crypto/sha3
  - src/dummy
  - src/kvdb
  - src/lachesis
  - src/log
  - src/net
  - src/node
  - src/peers
  - src/pos
  - src/poset
  - src/proxy
  - src/proxy/internal
  - src/proxy/proto
  - src/rlp
  - src/service
  - src/state
  - src/trie
  - src/utils
- name: github.com/fjl/memsize
  version: 2a09253e352a56f419bd88effab0483f52da4c7d
  subpackages:
  - memsizeui
- name: github.com/fsnotify/fsnotify
  version: ccc981bf80385c528a65fbfdd49bf2d8da22aa23
- name: github.com/go-stack/stack
  version: 2fee6af1a9795aafbe0253a0cfbdf668e1fb8a9a
- name: github.com/golang/protobuf
  version: aa810b61a9c79d51363740d207bb46cf8e620ed5
  subpackages:
  - proto
  - protoc-gen-go/descriptor
  - ptypes
  - ptypes/any
  - ptypes/duration
  - ptypes/timestamp
- name: github.com/golang/snappy
  version: 2e65f85255dbc3072edf28d6b5b8efc472979f5a
- name: github.com/google/uuid
  version: 9b3b1e0f5f99ae461456d768e7d301a7acdaa2d8
- name: github.com/gorilla/mux
  version: a7962380ca08b5a188038c69871b8d3fbdf31e89
- name: github.com/hashicorp/go-immutable-radix
  version: 27df80928bb34bb1b0d6d0e01b9e679902e7a6b5
- name: github.com/hashicorp/go-msgpack
  version: be3a5be7ee2202386d02936a19ae4fbde1c77800
  subpackages:
  - codec
- name: github.com/hashicorp/golang-lru
  version: 20f1fb78b0740ba8c3cb143a61e86ba5c8669768
  subpackages:
  - simplelru
- name: github.com/hashicorp/hcl
  version: 65a6292f0157eff210d03ed1bf6c59b190b8b906
  subpackages:
  - hcl/ast
  - hcl/parser
  - hcl/printer
  - hcl/scanner
  - hcl/strconv
  - hcl/token
  - json/parser
  - json/scanner
  - json/token
- name: github.com/hashicorp/raft
  version: 6d14f0c70869faabd9e60ba7ed88a6cbbd6a661f
- name: github.com/huin/goupnp
  version: 656e61dfadd241c7cbdd22a023fa81ecb6860ea8
  subpackages:
  - dcps/internetgateway1
  - dcps/internetgateway2
  - httpu
  - scpd
  - soap
  - ssdp
- name: github.com/inconshreveable/mousetrap
  version: 76626ae9c91c4f2a10f34cad8ce83ea42c93bb75
- name: github.com/jackpal/go-nat-pmp
  version: d89d09f6f3329bc3c2479aa3cafd76a5aa93a35c
- name: github.com/karalabe/hid
  version: d815e0c1a2e2082a287a2806bc90bc8fc7b276a9
- name: github.com/konsorten/go-windows-terminal-sequences
  version: 5c8c8bd35d3832f5d134ae1e1e375b69a4d25242
- name: github.com/magiconair/properties
  version: 7757cc9fdb852f7579b24170bcacda2c7471bb6a
- name: github.com/mattn/go-colorable
  version: efa589957cd060542a26d2dd7832fd6a6c6c3ade
- name: github.com/mattn/go-isatty
  version: 3fb116b820352b7f0c281308a4d6250c22d94e27
- name: github.com/mitchellh/mapstructure
  version: 3536a929edddb9a5b34bd6861dc4a9647cb459fe
- name: github.com/pborman/uuid
  version: 8b1b92947f46224e3b97bb1a3a5b0382be00d31e
- name: github.com/pelletier/go-toml
  version: 27c6b39a135b7dc87a14afb068809132fb7a9a8f
- name: github.com/pkg/errors
  version: ba968bfe8b2f7e042a574c888954fccecfa385b4
- name: github.com/rjeczalik/notify
  version: 629144ba06a1c6af28c1e42c228e3d42594ce081
- name: github.com/rs/cors
  version: 76f58f330d76a55c5badc74f6212e8a15e742c77
- name: github.com/rs/xid
  version: 15d26544def341f036c5f8dca987a4cbe575032c
- name: github.com/sirupsen/logrus
  version: e1e72e9de974bd926e5c56f83753fba2df402ce5
- name: github.com/spf13/afero
  version: f4711e4db9e9a1d3887343acb72b2bbfc2f686f5
  subpackages:
  - mem
- name: github.com/spf13/cast
  version: 8c9545af88b134710ab1cd196795e7f2388358d7
- name: github.com/spf13/cobra
  version: ef82de70bb3f60c65fb8eebacbb2d122ef517385
- name: github.com/spf13/jwalterweatherman
  version: 94f6ae3ed3bceceafa716478c5fbf8d29ca601a1
- name: github.com/spf13/pflag
  version: 24fa6976df40757dce6aea913e7b81ade90530e1
- name: github.com/spf13/viper
  version: 6d33b5a963d922d182c91e8a1c88d81fd150cfd4
- name: github.com/syndtr/goleveldb
  version: 2f17a3356c6616cbfc4ae4c38147dc062a68fb0e
  subpackages:
  - leveldb
  - leveldb/cache
  - leveldb/comparer
  - leveldb/errors
  - leveldb/filter
  - leveldb/iterator
  - leveldb/journal
  - leveldb/memdb
  - leveldb/opt
  - leveldb/storage
  - leveldb/table
  - leveldb/util
- name: github.com/tebeka/atexit
  version: 246bd1df1758fe9df5a88fc3e0f6e77271e97e55
- name: golang.org/x/crypto
  version: b8fe1690c61389d7d2a8074a507d1d40c5d30448
  subpackages:
  - pbkdf2
  - ripemd160
  - scrypt
  - sha3
  - ssh/terminal
- name: golang.org/x/net
  version: d26f9f9a57f3fab6a695bec0d84433c2c50f8bbf
  subpackages:
  - context
  - html
  - html/atom
  - html/charset
  - http/httpguts
  - http2
  - http2/hpack
  - idna
  - internal/timeseries
  - trace
  - websocket
- name: golang.org/x/sys
  version: 7ae0202eb74c2b534255c71b5a15fa4115aabbcc
  subpackages:
  - cpu
  - unix
  - windows
  - windows/registry
  - windows/svc/eventlog
- name: golang.org/x/text
  version: e6919f6577db79269a6443b9dc46d18f2238fb5d
  subpackages:
  - encoding
  - encoding/charmap
  - encoding/htmlindex
  - encoding/internal
  - encoding/internal/identifier
  - encoding/japanese
  - encoding/korean
  - encoding/simplifiedchinese
  - encoding/traditionalchinese
  - encoding/unicode
  - internal/language
  - internal/language/compact
  - internal/tag
  - internal/utf8internal
  - language
  - runes
  - secure/bidirule
  - transform
  - unicode/bidi
  - unicode/norm
- name: google.golang.org/genproto
  version: 4b09977fb92221987e99d190c8f88f2c92727a29
  subpackages:
  - googleapis/rpc/status
- name: google.golang.org/grpc
  version: a02b0774206b209466313a0b525d2c738fe407eb
  subpackages:
  - balancer
  - balancer/base
  - balancer/roundrobin
  - binarylog/grpc_binarylog_v1
  - codes
  - connectivity
  - credentials
  - credentials/internal
  - encoding
  - encoding/proto
  - grpclog
  - internal
  - internal/backoff
  - internal/binarylog
  - internal/channelz
  - internal/envconfig
  - internal/grpcrand
  - internal/grpcsync
  - internal/syscall
  - internal/transport
  - keepalive
  - metadata
  - naming
  - peer
  - resolver
  - resolver/dns
  - resolver/passthrough
  - stats
  - status
  - tap
- name: gopkg.in/natefinch/npipe.v2
  version: c1b8fa8bdccecb0b8db834ee0b92fdbcfa606dd6
- name: gopkg.in/urfave/cli.v1
  version: cfb38830724cc34fedffe9a2a29fb54fa9169cd1
- name: gopkg.in/yaml.v2
  version: 51d6538a90f86fe93ac480b35f37b2be17fef232
testImports: []
