hash: cc25b9908fc1ab2f02fd3525275077ec127573355e528ffea40ed3ef2caa740a
updated: 2018-11-18T22:55:19.590852659+10:00
imports:
- name: github.com/AndreasBriese/bbloom
  version: 343706a395b76e5ca5c7dca46a5d937b48febc74
- name: github.com/andrecronje/lachesis
  version: a03256ba45a4915ec25ac7b84ffa7d8d9a7a4cc1
  subpackages:
  - src/common
  - src/crypto
  - src/lachesis
  - src/log
  - src/net
  - src/node
  - src/peers
  - src/poset
  - src/proxy
  - src/proxy/internal
  - src/proxy/proto
  - src/service
  - src/utils
- name: github.com/aristanetworks/goarista
  version: 33151c4543a79b013e8e6799ef45b2ba88c3cd1c
  subpackages:
  - monotime
- name: github.com/armon/go-metrics
  version: f0300d1749da6fa982027e449ec0c7a145510c3c
- name: github.com/btcsuite/btcd
  version: 67e573d211ace594f1366b4ce9d39726c4b19bd0
  subpackages:
  - btcec
- name: github.com/davecgh/go-spew
  version: 8991bc29aa16c548c550c7ff78260e27b9ab7c73
  subpackages:
  - spew
- name: github.com/deckarep/golang-set
  version: 699df6a3acf6867538e50931511e9dc403da108a
- name: github.com/dgraph-io/badger
  version: 391b6d3b93e6014fe8c2971fcc0c1266e47dbbd9
  subpackages:
  - options
  - protos
  - skl
  - table
  - "y"
- name: github.com/dgryski/go-farm
  version: 2de33835d10275975374b37b2dcfd22c9020a1f5
- name: github.com/eclipse/paho.mqtt.golang
  version: 36d01c2b4cbeb3d2a12063e4880ce30800af9560
  subpackages:
  - packets
- name: github.com/edsrzf/mmap-go
  version: 0bce6a6887123b67a60366d2c9fe2dfb74289d2e
- name: github.com/ethereum/go-ethereum
  version: 8bbe72075e4e16442c4e28d999edee12e294329e
  subpackages:
  - accounts
  - accounts/abi
  - accounts/keystore
  - common
  - common/bitutil
  - common/hexutil
  - common/math
  - common/mclock
  - common/prque
  - consensus
  - consensus/ethash
  - consensus/misc
  - core
  - core/rawdb
  - core/state
  - core/types
  - core/vm
  - crypto
  - crypto/bn256
  - crypto/bn256/cloudflare
  - crypto/bn256/google
  - crypto/ecies
  - crypto/secp256k1
  - crypto/sha3
  - eth/downloader
  - ethdb
  - event
  - log
  - metrics
  - p2p
  - p2p/discover
  - p2p/discv5
  - p2p/enode
  - p2p/enr
  - p2p/nat
  - p2p/netutil
  - params
  - rlp
  - rpc
  - trie
- name: github.com/fsnotify/fsnotify
  version: ccc981bf80385c528a65fbfdd49bf2d8da22aa23
- name: github.com/go-chi/chi
  version: b5294d10673813fac8558e7f47242bc9e61b4c25
  subpackages:
  - middleware
- name: github.com/go-stack/stack
  version: 2fee6af1a9795aafbe0253a0cfbdf668e1fb8a9a
- name: github.com/golang/protobuf
  version: d3de96c4c28ef8af3aa1a892fc481e0f103c01ff
  subpackages:
  - proto
  - ptypes
  - ptypes/any
  - ptypes/duration
  - ptypes/timestamp
- name: github.com/golang/snappy
  version: 2e65f85255dbc3072edf28d6b5b8efc472979f5a
- name: github.com/google/uuid
  version: 9b3b1e0f5f99ae461456d768e7d301a7acdaa2d8
- name: github.com/gorilla/mux
  version: 521ea7b17d02faf8d3afea6737573942ceac59c5
- name: github.com/gorilla/websocket
  version: 66b9c49e59c6c48f0ffce28c2d8b8a5678502c6d
- name: github.com/hashicorp/go-immutable-radix
  version: 27df80928bb34bb1b0d6d0e01b9e679902e7a6b5
- name: github.com/hashicorp/go-msgpack
  version: fa3f63826f7c23912c15263591e65d54d080b458
  subpackages:
  - codec
- name: github.com/hashicorp/golang-lru
  version: 20f1fb78b0740ba8c3cb143a61e86ba5c8669768
  subpackages:
  - simplelru
- name: github.com/hashicorp/hcl
  version: 65a6292f0157eff210d03ed1bf6c59b190b8b906
  subpackages:
  - hcl/ast
  - hcl/parser
  - hcl/printer
  - hcl/scanner
  - hcl/strconv
  - hcl/token
  - json/parser
  - json/scanner
  - json/token
- name: github.com/hashicorp/raft
  version: 6d14f0c70869faabd9e60ba7ed88a6cbbd6a661f
- name: github.com/huin/goupnp
  version: 656e61dfadd241c7cbdd22a023fa81ecb6860ea8
  subpackages:
  - dcps/internetgateway1
  - dcps/internetgateway2
  - httpu
  - scpd
  - soap
  - ssdp
- name: github.com/inconshreveable/mousetrap
  version: 76626ae9c91c4f2a10f34cad8ce83ea42c93bb75
- name: github.com/jackpal/go-nat-pmp
  version: d89d09f6f3329bc3c2479aa3cafd76a5aa93a35c
- name: github.com/konsorten/go-windows-terminal-sequences
  version: 5c8c8bd35d3832f5d134ae1e1e375b69a4d25242
- name: github.com/magiconair/properties
  version: c2353362d570a7bfa228149c62842019201cfb71
- name: github.com/mitchellh/mapstructure
  version: 3536a929edddb9a5b34bd6861dc4a9647cb459fe
- name: github.com/pborman/uuid
  version: 8b1b92947f46224e3b97bb1a3a5b0382be00d31e
- name: github.com/pelletier/go-toml
  version: 81a861c69d25a841d0c4394f0e6f84bc8c5afae0
- name: github.com/pkg/errors
  version: 059132a15dd08d6704c67711dae0cf35ab991756
- name: github.com/rjeczalik/notify
  version: 352c463f90a00c0cf83b1148f11ada779308f411
- name: github.com/rs/cors
  version: a3460e445dd310dbefee993fe449f2ff9c08ae71
- name: github.com/rs/xid
  version: 15d26544def341f036c5f8dca987a4cbe575032c
- name: github.com/satori/go.uuid
  version: 36e9d2ebbde5e3f13ab2e25625fd453271d6522e
- name: github.com/sirupsen/logrus
  version: bcd833dfe83d3cebad139e4a29ed79cb2318bf95
- name: github.com/spf13/afero
  version: d40851caa0d747393da1ffb28f7f9d8b4eeffebd
  subpackages:
  - mem
- name: github.com/spf13/cast
  version: 8c9545af88b134710ab1cd196795e7f2388358d7
- name: github.com/spf13/cobra
  version: ef82de70bb3f60c65fb8eebacbb2d122ef517385
- name: github.com/spf13/jwalterweatherman
  version: 94f6ae3ed3bceceafa716478c5fbf8d29ca601a1
- name: github.com/spf13/pflag
  version: 082b515c9490f4eccc758469c3152b77d139f868
- name: github.com/spf13/viper
  version: 907c19d40d9a6c9bb55f040ff4ae45271a4754b9
- name: github.com/syndtr/goleveldb
  version: 6b91fda63f2e36186f1c9d0e48578defb69c5d43
  subpackages:
  - leveldb
  - leveldb/cache
  - leveldb/comparer
  - leveldb/errors
  - leveldb/filter
  - leveldb/iterator
  - leveldb/journal
  - leveldb/memdb
  - leveldb/opt
  - leveldb/storage
  - leveldb/table
  - leveldb/util
- name: github.com/ugorji/go
  version: b4c50a2b199d93b13dc15e78929cfb23bfdf21ab
  subpackages:
  - codec
- name: golang.org/x/crypto
  version: 45a5f77698d342a8c2ef8423abdf0ba6880b008a
  subpackages:
  - pbkdf2
  - ripemd160
  - scrypt
  - ssh/terminal
- name: golang.org/x/net
  version: c44066c5c816ec500d459a2a324a753f78531ae0
  subpackages:
  - context
  - html
  - html/atom
  - html/charset
  - http/httpguts
  - http2
  - http2/hpack
  - idna
  - internal/socks
  - internal/timeseries
  - proxy
  - trace
  - websocket
- name: golang.org/x/sys
  version: 95b1ffbd15a57cc5abb3f04402b9e8ec0016a52c
  subpackages:
  - cpu
  - unix
  - windows
- name: golang.org/x/text
  version: 4d1c5fb19474adfe9562c9847ba425e7da817e81
  subpackages:
  - encoding
  - encoding/charmap
  - encoding/htmlindex
  - encoding/internal
  - encoding/internal/identifier
  - encoding/japanese
  - encoding/korean
  - encoding/simplifiedchinese
  - encoding/traditionalchinese
  - encoding/unicode
  - internal/language
  - internal/language/compact
  - internal/tag
  - internal/utf8internal
  - language
  - runes
  - secure/bidirule
  - transform
  - unicode/bidi
  - unicode/norm
- name: google.golang.org/genproto
  version: c830210a61dfaa790e1920f8d0470fc27bc2efbe
  subpackages:
  - googleapis/rpc/status
- name: google.golang.org/grpc
  version: 2e463a05d100327ca47ac218281906921038fd95
  subpackages:
  - balancer
  - balancer/base
  - balancer/roundrobin
  - codes
  - connectivity
  - credentials
  - encoding
  - encoding/proto
  - grpclog
  - internal
  - internal/backoff
  - internal/channelz
  - internal/envconfig
  - internal/grpcrand
  - internal/transport
  - keepalive
  - metadata
  - naming
  - peer
  - resolver
  - resolver/dns
  - resolver/passthrough
  - stats
  - status
  - tap
- name: gopkg.in/natefinch/npipe.v2
  version: c1b8fa8bdccecb0b8db834ee0b92fdbcfa606dd6
- name: gopkg.in/yaml.v2
  version: 5420a8b6744d3b0345ab293f6fcba19c978f1183
testImports: []
