hash: 6279eee8eeef34892b6e8be5135b9d129cd800cc4f0122b88c97277893655c7d
updated: 2018-08-17T15:30:42.383773+10:00
imports:
- name: github.com/andrecronje/lachesis
  version: 7f8a98a3b5a4cd1556c1d608548dfe4aa3502ed2
  subpackages:
  - proxy
  - version
- name: github.com/ethereum/go-ethereum
  version: 225171a4bfcc16bd12a1906b1e0d43d0b18c353b
  subpackages:
  - accounts
  - accounts/keystore
  - common
  - common/math
  - core
  - core/state
  - core/types
  - core/vm
  - crypto
  - ethdb
  - params
  - rlp
- name: github.com/gorilla/mux
  version: 24fca303ac6da784b9e8269f724ddeb0b2eea5e7
- name: github.com/sirupsen/logrus
  version: fc587f31c804fe6853cd90f0d8d90af588eca5bd
- name: gopkg.in/urfave/cli.v1
  version: cfb38830724cc34fedffe9a2a29fb54fa9169cd1
testImports: []
